
Microsoft Visual Studio Solution File, Format Version 12.00
# Visual Studio 2013
VisualStudioVersion = 12.0.21005.1
MinimumVisualStudioVersion = 10.0.40219.1
Project("{FAE04EC0-301F-11D3-BF4B-00C04F79EFBC}") = "Jebur27.FactoryBase", "Jebur27.FactoryBase.csproj", "{B7D8F73A-AF05-45F2-A151-F4B251C68D3B}"
EndProject
Project("{FAE04EC0-301F-11D3-BF4B-00C04F79EFBC}") = "Jebur27.FactoryBase.Test", "Test\Jebur27.FactoryBase.Test.csproj", "{6B061BFF-77EC-484A-8BB7-944E030240BA}"
EndProject
Project("{FAE04EC0-301F-11D3-BF4B-00C04F79EFBC}") = "Jebur27.Security", "..\Security\Jebur27.Security.csproj", "{56CBF81E-219F-4898-AFF1-2D4D0685F13D}"
EndProject
Project("{FAE04EC0-301F-11D3-BF4B-00C04F79EFBC}") = "Jebur27.Security.Test", "..\Security\Test\Jebur27.Security.Test.csproj", "{F2A98649-2C44-4428-82C7-7C1865C6ADF6}"
EndProject
Global
	GlobalSection(SolutionConfigurationPlatforms) = preSolution
		Debug|Any CPU = Debug|Any CPU
		Release|Any CPU = Release|Any CPU
	EndGlobalSection
	GlobalSection(ProjectConfigurationPlatforms) = postSolution
		{B7D8F73A-AF05-45F2-A151-F4B251C68D3B}.Debug|Any CPU.ActiveCfg = Debug|Any CPU
		{B7D8F73A-AF05-45F2-A151-F4B251C68D3B}.Debug|Any CPU.Build.0 = Debug|Any CPU
		{B7D8F73A-AF05-45F2-A151-F4B251C68D3B}.Release|Any CPU.ActiveCfg = Release|Any CPU
		{B7D8F73A-AF05-45F2-A151-F4B251C68D3B}.Release|Any CPU.Build.0 = Release|Any CPU
		{6B061BFF-77EC-484A-8BB7-944E030240BA}.Debug|Any CPU.ActiveCfg = Debug|Any CPU
		{6B061BFF-77EC-484A-8BB7-944E030240BA}.Debug|Any CPU.Build.0 = Debug|Any CPU
		{6B061BFF-77EC-484A-8BB7-944E030240BA}.Release|Any CPU.ActiveCfg = Release|Any CPU
		{6B061BFF-77EC-484A-8BB7-944E030240BA}.Release|Any CPU.Build.0 = Release|Any CPU
		{56CBF81E-219F-4898-AFF1-2D4D0685F13D}.Debug|Any CPU.ActiveCfg = Debug|Any CPU
		{56CBF81E-219F-4898-AFF1-2D4D0685F13D}.Debug|Any CPU.Build.0 = Debug|Any CPU
		{56CBF81E-219F-4898-AFF1-2D4D0685F13D}.Release|Any CPU.ActiveCfg = Release|Any CPU
		{56CBF81E-219F-4898-AFF1-2D4D0685F13D}.Release|Any CPU.Build.0 = Release|Any CPU
		{F2A98649-2C44-4428-82C7-7C1865C6ADF6}.Debug|Any CPU.ActiveCfg = Debug|Any CPU
		{F2A98649-2C44-4428-82C7-7C1865C6ADF6}.Debug|Any CPU.Build.0 = Debug|Any CPU
		{F2A98649-2C44-4428-82C7-7C1865C6ADF6}.Release|Any CPU.ActiveCfg = Release|Any CPU
		{F2A98649-2C44-4428-82C7-7C1865C6ADF6}.Release|Any CPU.Build.0 = Release|Any CPU
	EndGlobalSection
	GlobalSection(SolutionProperties) = preSolution
		HideSolutionNode = FALSE
	EndGlobalSection
EndGlobal
